
Microsoft Visual Studio Solution File, Format Version 12.00
# Visual Studio Version 17
VisualStudioVersion = 17.13.35818.85
MinimumVisualStudioVersion = 10.0.40219.1
Project("{9A19103F-16F7-4668-BE54-9A1E7A4F7556}") = "Api", "Api\Api.csproj", "{7CD03F18-0534-424B-9802-760147C0A2DF}"
EndProject
Project("{9A19103F-16F7-4668-BE54-9A1E7A4F7556}") = "Infrastructure", "Infrastructure\Infrastructure.csproj", "{57DE0FD6-BDE8-471E-9521-81C6B33A48C1}"
EndProject
Project("{9A19103F-16F7-4668-BE54-9A1E7A4F7556}") = "Application", "Application\Application.csproj", "{8913E612-11B4-404D-A34A-1F147EBC5913}"
EndProject
Global
	GlobalSection(SolutionConfigurationPlatforms) = preSolution
		Debug|Any CPU = Debug|Any CPU
		Release|Any CPU = Release|Any CPU
	EndGlobalSection
	GlobalSection(ProjectConfigurationPlatforms) = postSolution
		{7CD03F18-0534-424B-9802-760147C0A2DF}.Debug|Any CPU.ActiveCfg = Debug|Any CPU
		{7CD03F18-0534-424B-9802-760147C0A2DF}.Debug|Any CPU.Build.0 = Debug|Any CPU
		{7CD03F18-0534-424B-9802-760147C0A2DF}.Release|Any CPU.ActiveCfg = Release|Any CPU
		{7CD03F18-0534-424B-9802-760147C0A2DF}.Release|Any CPU.Build.0 = Release|Any CPU
		{57DE0FD6-BDE8-471E-9521-81C6B33A48C1}.Debug|Any CPU.ActiveCfg = Debug|Any CPU
		{57DE0FD6-BDE8-471E-9521-81C6B33A48C1}.Debug|Any CPU.Build.0 = Debug|Any CPU
		{57DE0FD6-BDE8-471E-9521-81C6B33A48C1}.Release|Any CPU.ActiveCfg = Release|Any CPU
		{57DE0FD6-BDE8-471E-9521-81C6B33A48C1}.Release|Any CPU.Build.0 = Release|Any CPU
		{8913E612-11B4-404D-A34A-1F147EBC5913}.Debug|Any CPU.ActiveCfg = Debug|Any CPU
		{8913E612-11B4-404D-A34A-1F147EBC5913}.Debug|Any CPU.Build.0 = Debug|Any CPU
		{8913E612-11B4-404D-A34A-1F147EBC5913}.Release|Any CPU.ActiveCfg = Release|Any CPU
		{8913E612-11B4-404D-A34A-1F147EBC5913}.Release|Any CPU.Build.0 = Release|Any CPU
	EndGlobalSection
	GlobalSection(SolutionProperties) = preSolution
		HideSolutionNode = FALSE
	EndGlobalSection
	GlobalSection(ExtensibilityGlobals) = postSolution
		SolutionGuid = {CF3DF6AC-AB94-48D7-BC8C-558972332A33}
	EndGlobalSection
EndGlobal
